// !$*UTF8*$!
{
	archiveVersion = 1;
	classes = {
	};
	objectVersion = 46;
	objects = {

/* Begin PBXBuildFile section */
		872EBD4715AE8A2700EB6201 /* UIKit.framework in Frameworks */ = {isa = PBXBuildFile; fileRef = 872EBD4615AE8A2700EB6201 /* UIKit.framework */; };
		872EBD4915AE8A2700EB6201 /* Foundation.framework in Frameworks */ = {isa = PBXBuildFile; fileRef = 872EBD4815AE8A2700EB6201 /* Foundation.framework */; };
		872EBD4B15AE8A2700EB6201 /* CoreGraphics.framework in Frameworks */ = {isa = PBXBuildFile; fileRef = 872EBD4A15AE8A2700EB6201 /* CoreGraphics.framework */; };
		872EBD5115AE8A2700EB6201 /* InfoPlist.strings in Resources */ = {isa = PBXBuildFile; fileRef = 872EBD4F15AE8A2700EB6201 /* InfoPlist.strings */; };
		872EBD5315AE8A2700EB6201 /* main.m in Sources */ = {isa = PBXBuildFile; fileRef = 872EBD5215AE8A2700EB6201 /* main.m */; };
		872EBD5715AE8A2700EB6201 /* AppDelegate.m in Sources */ = {isa = PBXBuildFile; fileRef = 872EBD5615AE8A2700EB6201 /* AppDelegate.m */; };
		872EBD5A15AE8A2700EB6201 /* ViewController.m in Sources */ = {isa = PBXBuildFile; fileRef = 872EBD5915AE8A2700EB6201 /* ViewController.m */; };
		872EBD5D15AE8A2700EB6201 /* ViewController.xib in Resources */ = {isa = PBXBuildFile; fileRef = 872EBD5B15AE8A2700EB6201 /* ViewController.xib */; };
		872EBD6A15AE8D0300EB6201 /* androidApps.png in Resources */ = {isa = PBXBuildFile; fileRef = 872EBD6915AE8D0300EB6201 /* androidApps.png */; };
		87A8490515AEBE9E007261BB /* version.m in Sources */ = {isa = PBXBuildFile; fileRef = 87A8490415AEBE9E007261BB /* version.m */; };
/* End PBXBuildFile section */

/* Begin PBXFileReference section */
		872EBD4215AE8A2700EB6201 /* android.app */ = {isa = PBXFileReference; explicitFileType = wrapper.application; includeInIndex = 0; path = android.app; sourceTree = BUILT_PRODUCTS_DIR; };
		872EBD4615AE8A2700EB6201 /* UIKit.framework */ = {isa = PBXFileReference; lastKnownFileType = wrapper.framework; name = UIKit.framework; path = System/Library/Frameworks/UIKit.framework; sourceTree = SDKROOT; };
		872EBD4815AE8A2700EB6201 /* Foundation.framework */ = {isa = PBXFileReference; lastKnownFileType = wrapper.framework; name = Foundation.framework; path = System/Library/Frameworks/Foundation.framework; sourceTree = SDKROOT; };
		872EBD4A15AE8A2700EB6201 /* CoreGraphics.framework */ = {isa = PBXFileReference; lastKnownFileType = wrapper.framework; name = CoreGraphics.framework; path = System/Library/Frameworks/CoreGraphics.framework; sourceTree = SDKROOT; };
		872EBD4E15AE8A2700EB6201 /* android-Info.plist */ = {isa = PBXFileReference; lastKnownFileType = text.plist.xml; path = "android-Info.plist"; sourceTree = "<group>"; };
		872EBD5015AE8A2700EB6201 /* en */ = {isa = PBXFileReference; lastKnownFileType = text.plist.strings; name = en; path = en.lproj/InfoPlist.strings; sourceTree = "<group>"; };
		872EBD5215AE8A2700EB6201 /* main.m */ = {isa = PBXFileReference; lastKnownFileType = sourcecode.c.objc; path = main.m; sourceTree = "<group>"; };
		872EBD5415AE8A2700EB6201 /* android-Prefix.pch */ = {isa = PBXFileReference; lastKnownFileType = sourcecode.c.h; path = "android-Prefix.pch"; sourceTree = "<group>"; };
		872EBD5515AE8A2700EB6201 /* AppDelegate.h */ = {isa = PBXFileReference; lastKnownFileType = sourcecode.c.h; path = AppDelegate.h; sourceTree = "<group>"; };
		872EBD5615AE8A2700EB6201 /* AppDelegate.m */ = {isa = PBXFileReference; lastKnownFileType = sourcecode.c.objc; path = AppDelegate.m; sourceTree = "<group>"; };
		872EBD5815AE8A2700EB6201 /* ViewController.h */ = {isa = PBXFileReference; lastKnownFileType = sourcecode.c.h; path = ViewController.h; sourceTree = "<group>"; };
		872EBD5915AE8A2700EB6201 /* ViewController.m */ = {isa = PBXFileReference; lastKnownFileType = sourcecode.c.objc; path = ViewController.m; sourceTree = "<group>"; };
		872EBD5C15AE8A2700EB6201 /* en */ = {isa = PBXFileReference; lastKnownFileType = file.xib; name = en; path = en.lproj/ViewController.xib; sourceTree = "<group>"; };
		872EBD6915AE8D0300EB6201 /* androidApps.png */ = {isa = PBXFileReference; lastKnownFileType = image.png; path = androidApps.png; sourceTree = SOURCE_ROOT; };
		87A8490315AEBE9E007261BB /* version.h */ = {isa = PBXFileReference; fileEncoding = 4; lastKnownFileType = sourcecode.c.h; name = version.h; path = ../version.h; sourceTree = "<group>"; };
		87A8490415AEBE9E007261BB /* version.m */ = {isa = PBXFileReference; fileEncoding = 4; lastKnownFileType = sourcecode.c.objc; name = version.m; path = ../version.m; sourceTree = "<group>"; };
/* End PBXFileReference section */

/* Begin PBXFrameworksBuildPhase section */
		872EBD3F15AE8A2700EB6201 /* Frameworks */ = {
			isa = PBXFrameworksBuildPhase;
			buildActionMask = 2147483647;
			files = (
				872EBD4715AE8A2700EB6201 /* UIKit.framework in Frameworks */,
				872EBD4915AE8A2700EB6201 /* Foundation.framework in Frameworks */,
				872EBD4B15AE8A2700EB6201 /* CoreGraphics.framework in Frameworks */,
			);
			runOnlyForDeploymentPostprocessing = 0;
		};
/* End PBXFrameworksBuildPhase section */

/* Begin PBXGroup section */
		872EBD3715AE8A2700EB6201 = {
			isa = PBXGroup;
			children = (
				872EBD4C15AE8A2700EB6201 /* android */,
				872EBD4515AE8A2700EB6201 /* Frameworks */,
				872EBD4315AE8A2700EB6201 /* Products */,
			);
			sourceTree = "<group>";
		};
		872EBD4315AE8A2700EB6201 /* Products */ = {
			isa = PBXGroup;
			children = (
				872EBD4215AE8A2700EB6201 /* android.app */,
			);
			name = Products;
			sourceTree = "<group>";
		};
		872EBD4515AE8A2700EB6201 /* Frameworks */ = {
			isa = PBXGroup;
			children = (
				872EBD4615AE8A2700EB6201 /* UIKit.framework */,
				872EBD4815AE8A2700EB6201 /* Foundation.framework */,
				872EBD4A15AE8A2700EB6201 /* CoreGraphics.framework */,
			);
			name = Frameworks;
			sourceTree = "<group>";
		};
		872EBD4C15AE8A2700EB6201 /* android */ = {
			isa = PBXGroup;
			children = (
				872EBD5515AE8A2700EB6201 /* AppDelegate.h */,
				872EBD5615AE8A2700EB6201 /* AppDelegate.m */,
				872EBD5815AE8A2700EB6201 /* ViewController.h */,
				872EBD5915AE8A2700EB6201 /* ViewController.m */,
				87A8490315AEBE9E007261BB /* version.h */,
				87A8490415AEBE9E007261BB /* version.m */,
				872EBD6915AE8D0300EB6201 /* androidApps.png */,
				872EBD5B15AE8A2700EB6201 /* ViewController.xib */,
				872EBD4D15AE8A2700EB6201 /* Supporting Files */,
			);
			path = android;
			sourceTree = "<group>";
		};
		872EBD4D15AE8A2700EB6201 /* Supporting Files */ = {
			isa = PBXGroup;
			children = (
				872EBD4E15AE8A2700EB6201 /* android-Info.plist */,
				872EBD4F15AE8A2700EB6201 /* InfoPlist.strings */,
				872EBD5215AE8A2700EB6201 /* main.m */,
				872EBD5415AE8A2700EB6201 /* android-Prefix.pch */,
			);
			name = "Supporting Files";
			sourceTree = "<group>";
		};
/* End PBXGroup section */

/* Begin PBXNativeTarget section */
		872EBD4115AE8A2700EB6201 /* android */ = {
			isa = PBXNativeTarget;
			buildConfigurationList = 872EBD6015AE8A2700EB6201 /* Build configuration list for PBXNativeTarget "android" */;
			buildPhases = (
				872EBD3E15AE8A2700EB6201 /* Sources */,
				872EBD3F15AE8A2700EB6201 /* Frameworks */,
				872EBD4015AE8A2700EB6201 /* Resources */,
			);
			buildRules = (
			);
			dependencies = (
			);
			name = android;
			productName = android;
			productReference = 872EBD4215AE8A2700EB6201 /* android.app */;
			productType = "com.apple.product-type.application";
		};
/* End PBXNativeTarget section */

/* Begin PBXProject section */
		872EBD3915AE8A2700EB6201 /* Project object */ = {
			isa = PBXProject;
			attributes = {
				LastUpgradeCheck = 0450;
				ORGANIZATIONNAME = febycv;
			};
			buildConfigurationList = 872EBD3C15AE8A2700EB6201 /* Build configuration list for PBXProject "android" */;
			compatibilityVersion = "Xcode 3.2";
			developmentRegion = English;
			hasScannedForEncodings = 0;
			knownRegions = (
				en,
			);
			mainGroup = 872EBD3715AE8A2700EB6201;
			productRefGroup = 872EBD4315AE8A2700EB6201 /* Products */;
			projectDirPath = "";
			projectRoot = "";
			targets = (
				872EBD4115AE8A2700EB6201 /* android */,
			);
		};
/* End PBXProject section */

/* Begin PBXResourcesBuildPhase section */
		872EBD4015AE8A2700EB6201 /* Resources */ = {
			isa = PBXResourcesBuildPhase;
			buildActionMask = 2147483647;
			files = (
				872EBD5115AE8A2700EB6201 /* InfoPlist.strings in Resources */,
				872EBD5D15AE8A2700EB6201 /* ViewController.xib in Resources */,
				872EBD6A15AE8D0300EB6201 /* androidApps.png in Resources */,
			);
			runOnlyForDeploymentPostprocessing = 0;
		};
/* End PBXResourcesBuildPhase section */

/* Begin PBXSourcesBuildPhase section */
		872EBD3E15AE8A2700EB6201 /* Sources */ = {
			isa = PBXSourcesBuildPhase;
			buildActionMask = 2147483647;
			files = (
				872EBD5315AE8A2700EB6201 /* main.m in Sources */,
				872EBD5715AE8A2700EB6201 /* AppDelegate.m in Sources */,
				872EBD5A15AE8A2700EB6201 /* ViewController.m in Sources */,
				87A8490515AEBE9E007261BB /* version.m in Sources */,
			);
			runOnlyForDeploymentPostprocessing = 0;
		};
/* End PBXSourcesBuildPhase section */

/* Begin PBXVariantGroup section */
		872EBD4F15AE8A2700EB6201 /* InfoPlist.strings */ = {
			isa = PBXVariantGroup;
			children = (
				872EBD5015AE8A2700EB6201 /* en */,
			);
			name = InfoPlist.strings;
			sourceTree = "<group>";
		};
		872EBD5B15AE8A2700EB6201 /* ViewController.xib */ = {
			isa = PBXVariantGroup;
			children = (
				872EBD5C15AE8A2700EB6201 /* en */,
			);
			name = ViewController.xib;
			sourceTree = "<group>";
		};
/* End PBXVariantGroup section */

/* Begin XCBuildConfiguration section */
		872EBD5E15AE8A2700EB6201 /* Debug */ = {
			isa = XCBuildConfiguration;
			buildSettings = {
				ALWAYS_SEARCH_USER_PATHS = NO;
				CLANG_CXX_LANGUAGE_STANDARD = "gnu++0x";
				CLANG_WARN__DUPLICATE_METHOD_MATCH = YES;
				"CODE_SIGN_IDENTITY[sdk=iphoneos*]" = "iPhone Developer";
				COPY_PHASE_STRIP = NO;
				GCC_C_LANGUAGE_STANDARD = gnu99;
				GCC_DYNAMIC_NO_PIC = NO;
				GCC_OPTIMIZATION_LEVEL = 0;
				GCC_PREPROCESSOR_DEFINITIONS = (
					"DEBUG=1",
					"$(inherited)",
				);
				GCC_SYMBOLS_PRIVATE_EXTERN = NO;
				GCC_WARN_ABOUT_RETURN_TYPE = YES;
				GCC_WARN_UNINITIALIZED_AUTOS = YES;
				GCC_WARN_UNUSED_VARIABLE = YES;
				IPHONEOS_DEPLOYMENT_TARGET = 6.0;
				SDKROOT = iphoneos;
			};
			name = Debug;
		};
		872EBD5F15AE8A2700EB6201 /* Release */ = {
			isa = XCBuildConfiguration;
			buildSettings = {
				ALWAYS_SEARCH_USER_PATHS = NO;
				CLANG_CXX_LANGUAGE_STANDARD = "gnu++0x";
				CLANG_WARN__DUPLICATE_METHOD_MATCH = YES;
				"CODE_SIGN_IDENTITY[sdk=iphoneos*]" = "iPhone Developer";
				COPY_PHASE_STRIP = YES;
				GCC_C_LANGUAGE_STANDARD = gnu99;
				GCC_WARN_ABOUT_RETURN_TYPE = YES;
				GCC_WARN_UNINITIALIZED_AUTOS = YES;
				GCC_WARN_UNUSED_VARIABLE = YES;
				IPHONEOS_DEPLOYMENT_TARGET = 6.0;
				OTHER_CFLAGS = "-DNS_BLOCK_ASSERTIONS=1";
				SDKROOT = iphoneos;
				VALIDATE_PRODUCT = YES;
			};
			name = Release;
		};
		872EBD6115AE8A2700EB6201 /* Debug */ = {
			isa = XCBuildConfiguration;
			buildSettings = {
				GCC_PRECOMPILE_PREFIX_HEADER = YES;
				GCC_PREFIX_HEADER = "android/android-Prefix.pch";
				INFOPLIST_FILE = "android/android-Info.plist";
				PRODUCT_NAME = "$(TARGET_NAME)";
				WRAPPER_EXTENSION = app;
			};
			name = Debug;
		};
		872EBD6215AE8A2700EB6201 /* Release */ = {
			isa = XCBuildConfiguration;
			buildSettings = {
				GCC_PRECOMPILE_PREFIX_HEADER = YES;
				GCC_PREFIX_HEADER = "android/android-Prefix.pch";
				INFOPLIST_FILE = "android/android-Info.plist";
				PRODUCT_NAME = "$(TARGET_NAME)";
				WRAPPER_EXTENSION = app;
			};
			name = Release;
		};
/* End XCBuildConfiguration section */

/* Begin XCConfigurationList section */
		872EBD3C15AE8A2700EB6201 /* Build configuration list for PBXProject "android" */ = {
			isa = XCConfigurationList;
			buildConfigurations = (
				872EBD5E15AE8A2700EB6201 /* Debug */,
				872EBD5F15AE8A2700EB6201 /* Release */,
			);
			defaultConfigurationIsVisible = 0;
			defaultConfigurationName = Release;
		};
		872EBD6015AE8A2700EB6201 /* Build configuration list for PBXNativeTarget "android" */ = {
			isa = XCConfigurationList;
			buildConfigurations = (
				872EBD6115AE8A2700EB6201 /* Debug */,
				872EBD6215AE8A2700EB6201 /* Release */,
			);
			defaultConfigurationIsVisible = 0;
			defaultConfigurationName = Release;
		};
/* End XCConfigurationList section */
	};
	rootObject = 872EBD3915AE8A2700EB6201 /* Project object */;
}
